
Microsoft Visual Studio Solution File, Format Version 12.00
# Visual Studio Version 16
VisualStudioVersion = 16.0.32929.386
MinimumVisualStudioVersion = 10.0.40219.1
Project("{FAE04EC0-301F-11D3-BF4B-00C04F79EFBC}") = "Transkript_Ödev2", "Transkript_Ödev2\Transkript_Ödev2.csproj", "{4066EEDC-D9D8-44A6-BBCA-2CD55DA04F50}"
EndProject
Global
	GlobalSection(SolutionConfigurationPlatforms) = preSolution
		Debug|Any CPU = Debug|Any CPU
		Release|Any CPU = Release|Any CPU
	EndGlobalSection
	GlobalSection(ProjectConfigurationPlatforms) = postSolution
		{4066EEDC-D9D8-44A6-BBCA-2CD55DA04F50}.Debug|Any CPU.ActiveCfg = Debug|Any CPU
		{4066EEDC-D9D8-44A6-BBCA-2CD55DA04F50}.Debug|Any CPU.Build.0 = Debug|Any CPU
		{4066EEDC-D9D8-44A6-BBCA-2CD55DA04F50}.Release|Any CPU.ActiveCfg = Release|Any CPU
		{4066EEDC-D9D8-44A6-BBCA-2CD55DA04F50}.Release|Any CPU.Build.0 = Release|Any CPU
	EndGlobalSection
	GlobalSection(SolutionProperties) = preSolution
		HideSolutionNode = FALSE
	EndGlobalSection
	GlobalSection(ExtensibilityGlobals) = postSolution
		SolutionGuid = {8375C9D6-B864-4160-9517-0258802F3D0E}
	EndGlobalSection
EndGlobal
